// !$*UTF8*$!
{
	archiveVersion = 1;
	classes = {
	};
	objectVersion = 55;
	objects = {

/* Begin PBXBuildFile section */
		C40F3D7428A3562800AC98D7 /* SatTableViewCell.swift in Sources */ = {isa = PBXBuildFile; fileRef = C40F3D7228A3562800AC98D7 /* SatTableViewCell.swift */; };
		C40F3D7528A3562800AC98D7 /* SatTableViewCell.xib in Resources */ = {isa = PBXBuildFile; fileRef = C40F3D7328A3562800AC98D7 /* SatTableViewCell.xib */; };
		C40F3D7828A35C3500AC98D7 /* HeaderTableViewCell.swift in Sources */ = {isa = PBXBuildFile; fileRef = C40F3D7628A35C3500AC98D7 /* HeaderTableViewCell.swift */; };
		C40F3D7928A35C3500AC98D7 /* HeaderTableViewCell.xib in Resources */ = {isa = PBXBuildFile; fileRef = C40F3D7728A35C3500AC98D7 /* HeaderTableViewCell.xib */; };
		C40F3D7C28A3668000AC98D7 /* EligibilityTableViewCell.swift in Sources */ = {isa = PBXBuildFile; fileRef = C40F3D7A28A3668000AC98D7 /* EligibilityTableViewCell.swift */; };
		C40F3D7D28A3668000AC98D7 /* EligibilityTableViewCell.xib in Resources */ = {isa = PBXBuildFile; fileRef = C40F3D7B28A3668000AC98D7 /* EligibilityTableViewCell.xib */; };
		C40F3D8028A368D100AC98D7 /* AddressTableViewCell.swift in Sources */ = {isa = PBXBuildFile; fileRef = C40F3D7E28A368D100AC98D7 /* AddressTableViewCell.swift */; };
		C40F3D8128A368D100AC98D7 /* AddressTableViewCell.xib in Resources */ = {isa = PBXBuildFile; fileRef = C40F3D7F28A368D100AC98D7 /* AddressTableViewCell.xib */; };
		C41B07BF28A36E2800E4E2ED /* UIActivityIndicatorView.swift in Sources */ = {isa = PBXBuildFile; fileRef = C41B07BE28A36E2800E4E2ED /* UIActivityIndicatorView.swift */; };
		C41B07C128A377BB00E4E2ED /* ServiceTests.swift in Sources */ = {isa = PBXBuildFile; fileRef = C41B07C028A377BB00E4E2ED /* ServiceTests.swift */; };
		C41B07C228A377CD00E4E2ED /* ApiService.swift in Sources */ = {isa = PBXBuildFile; fileRef = C43617E728A31DC700A7784B /* ApiService.swift */; };
		C41B07C328A377D000E4E2ED /* ServiceError.swift in Sources */ = {isa = PBXBuildFile; fileRef = C43617E928A31F2000A7784B /* ServiceError.swift */; };
		C41B07C428A378EC00E4E2ED /* Constants.swift in Sources */ = {isa = PBXBuildFile; fileRef = C43617E528A31DAD00A7784B /* Constants.swift */; };
		C41B07C528A3790100E4E2ED /* School.swift in Sources */ = {isa = PBXBuildFile; fileRef = C43617E128A31D6900A7784B /* School.swift */; };
		C41B07C628A3790400E4E2ED /* SATScore.swift in Sources */ = {isa = PBXBuildFile; fileRef = C43617E328A31D8100A7784B /* SATScore.swift */; };
		C43617B028A31C2400A7784B /* AppDelegate.swift in Sources */ = {isa = PBXBuildFile; fileRef = C43617AF28A31C2400A7784B /* AppDelegate.swift */; };
		C43617B228A31C2400A7784B /* SceneDelegate.swift in Sources */ = {isa = PBXBuildFile; fileRef = C43617B128A31C2400A7784B /* SceneDelegate.swift */; };
		C43617B428A31C2400A7784B /* SchoolsListController.swift in Sources */ = {isa = PBXBuildFile; fileRef = C43617B328A31C2400A7784B /* SchoolsListController.swift */; };
		C43617B728A31C2500A7784B /* Main.storyboard in Resources */ = {isa = PBXBuildFile; fileRef = C43617B528A31C2500A7784B /* Main.storyboard */; };
		C43617B928A31C2600A7784B /* Assets.xcassets in Resources */ = {isa = PBXBuildFile; fileRef = C43617B828A31C2600A7784B /* Assets.xcassets */; };
		C43617BC28A31C2600A7784B /* LaunchScreen.storyboard in Resources */ = {isa = PBXBuildFile; fileRef = C43617BA28A31C2600A7784B /* LaunchScreen.storyboard */; };
		C43617C728A31C2600A7784B /* NYCSchoolsTests.swift in Sources */ = {isa = PBXBuildFile; fileRef = C43617C628A31C2600A7784B /* NYCSchoolsTests.swift */; };
		C43617D128A31C2600A7784B /* NYCSchoolsUITests.swift in Sources */ = {isa = PBXBuildFile; fileRef = C43617D028A31C2600A7784B /* NYCSchoolsUITests.swift */; };
		C43617D328A31C2600A7784B /* NYCSchoolsUITestsLaunchTests.swift in Sources */ = {isa = PBXBuildFile; fileRef = C43617D228A31C2600A7784B /* NYCSchoolsUITestsLaunchTests.swift */; };
		C43617E228A31D6900A7784B /* School.swift in Sources */ = {isa = PBXBuildFile; fileRef = C43617E128A31D6900A7784B /* School.swift */; };
		C43617E428A31D8100A7784B /* SATScore.swift in Sources */ = {isa = PBXBuildFile; fileRef = C43617E328A31D8100A7784B /* SATScore.swift */; };
		C43617E628A31DAD00A7784B /* Constants.swift in Sources */ = {isa = PBXBuildFile; fileRef = C43617E528A31DAD00A7784B /* Constants.swift */; };
		C43617E828A31DC700A7784B /* ApiService.swift in Sources */ = {isa = PBXBuildFile; fileRef = C43617E728A31DC700A7784B /* ApiService.swift */; };
		C43617EA28A31F2000A7784B /* ServiceError.swift in Sources */ = {isa = PBXBuildFile; fileRef = C43617E928A31F2000A7784B /* ServiceError.swift */; };
		C43617EE28A323A000A7784B /* UIView.swift in Sources */ = {isa = PBXBuildFile; fileRef = C43617ED28A323A000A7784B /* UIView.swift */; };
		C43617F028A323C100A7784B /* UITableViewCell.swift in Sources */ = {isa = PBXBuildFile; fileRef = C43617EF28A323C100A7784B /* UITableViewCell.swift */; };
		C43617F228A3241E00A7784B /* BaseTableViewCell.swift in Sources */ = {isa = PBXBuildFile; fileRef = C43617F128A3241E00A7784B /* BaseTableViewCell.swift */; };
		C43617F528A3245000A7784B /* SchoolTableViewCell.swift in Sources */ = {isa = PBXBuildFile; fileRef = C43617F328A3245000A7784B /* SchoolTableViewCell.swift */; };
		C43617F628A3245000A7784B /* SchoolTableViewCell.xib in Resources */ = {isa = PBXBuildFile; fileRef = C43617F428A3245000A7784B /* SchoolTableViewCell.xib */; };
		C43617FB28A33F8300A7784B /* SchoolDetailViewController.swift in Sources */ = {isa = PBXBuildFile; fileRef = C43617FA28A33F8300A7784B /* SchoolDetailViewController.swift */; };
/* End PBXBuildFile section */

/* Begin PBXContainerItemProxy section */
		C43617C328A31C2600A7784B /* PBXContainerItemProxy */ = {
			isa = PBXContainerItemProxy;
			containerPortal = C43617A428A31C2400A7784B /* Project object */;
			proxyType = 1;
			remoteGlobalIDString = C43617AB28A31C2400A7784B;
			remoteInfo = NYCSchools;
		};
		C43617CD28A31C2600A7784B /* PBXContainerItemProxy */ = {
			isa = PBXContainerItemProxy;
			containerPortal = C43617A428A31C2400A7784B /* Project object */;
			proxyType = 1;
			remoteGlobalIDString = C43617AB28A31C2400A7784B;
			remoteInfo = NYCSchools;
		};
/* End PBXContainerItemProxy section */

/* Begin PBXFileReference section */
		C40F3D7228A3562800AC98D7 /* SatTableViewCell.swift */ = {isa = PBXFileReference; lastKnownFileType = sourcecode.swift; path = SatTableViewCell.swift; sourceTree = "<group>"; };
		C40F3D7328A3562800AC98D7 /* SatTableViewCell.xib */ = {isa = PBXFileReference; lastKnownFileType = file.xib; path = SatTableViewCell.xib; sourceTree = "<group>"; };
		C40F3D7628A35C3500AC98D7 /* HeaderTableViewCell.swift */ = {isa = PBXFileReference; lastKnownFileType = sourcecode.swift; path = HeaderTableViewCell.swift; sourceTree = "<group>"; };
		C40F3D7728A35C3500AC98D7 /* HeaderTableViewCell.xib */ = {isa = PBXFileReference; lastKnownFileType = file.xib; path = HeaderTableViewCell.xib; sourceTree = "<group>"; };
		C40F3D7A28A3668000AC98D7 /* EligibilityTableViewCell.swift */ = {isa = PBXFileReference; lastKnownFileType = sourcecode.swift; path = EligibilityTableViewCell.swift; sourceTree = "<group>"; };
		C40F3D7B28A3668000AC98D7 /* EligibilityTableViewCell.xib */ = {isa = PBXFileReference; lastKnownFileType = file.xib; path = EligibilityTableViewCell.xib; sourceTree = "<group>"; };
		C40F3D7E28A368D100AC98D7 /* AddressTableViewCell.swift */ = {isa = PBXFileReference; lastKnownFileType = sourcecode.swift; path = AddressTableViewCell.swift; sourceTree = "<group>"; };
		C40F3D7F28A368D100AC98D7 /* AddressTableViewCell.xib */ = {isa = PBXFileReference; lastKnownFileType = file.xib; path = AddressTableViewCell.xib; sourceTree = "<group>"; };
		C41B07BE28A36E2800E4E2ED /* UIActivityIndicatorView.swift */ = {isa = PBXFileReference; lastKnownFileType = sourcecode.swift; path = UIActivityIndicatorView.swift; sourceTree = "<group>"; };
		C41B07C028A377BB00E4E2ED /* ServiceTests.swift */ = {isa = PBXFileReference; lastKnownFileType = sourcecode.swift; path = ServiceTests.swift; sourceTree = "<group>"; };
		C43617AC28A31C2400A7784B /* NYCSchools.app */ = {isa = PBXFileReference; explicitFileType = wrapper.application; includeInIndex = 0; path = NYCSchools.app; sourceTree = BUILT_PRODUCTS_DIR; };
		C43617AF28A31C2400A7784B /* AppDelegate.swift */ = {isa = PBXFileReference; lastKnownFileType = sourcecode.swift; path = AppDelegate.swift; sourceTree = "<group>"; };
		C43617B128A31C2400A7784B /* SceneDelegate.swift */ = {isa = PBXFileReference; lastKnownFileType = sourcecode.swift; path = SceneDelegate.swift; sourceTree = "<group>"; };
		C43617B328A31C2400A7784B /* SchoolsListController.swift */ = {isa = PBXFileReference; lastKnownFileType = sourcecode.swift; path = SchoolsListController.swift; sourceTree = "<group>"; };
		C43617B628A31C2500A7784B /* Base */ = {isa = PBXFileReference; lastKnownFileType = file.storyboard; name = Base; path = Base.lproj/Main.storyboard; sourceTree = "<group>"; };
		C43617B828A31C2600A7784B /* Assets.xcassets */ = {isa = PBXFileReference; lastKnownFileType = folder.assetcatalog; path = Assets.xcassets; sourceTree = "<group>"; };
		C43617BB28A31C2600A7784B /* Base */ = {isa = PBXFileReference; lastKnownFileType = file.storyboard; name = Base; path = Base.lproj/LaunchScreen.storyboard; sourceTree = "<group>"; };
		C43617BD28A31C2600A7784B /* Info.plist */ = {isa = PBXFileReference; lastKnownFileType = text.plist.xml; path = Info.plist; sourceTree = "<group>"; };
		C43617C228A31C2600A7784B /* NYCSchoolsTests.xctest */ = {isa = PBXFileReference; explicitFileType = wrapper.cfbundle; includeInIndex = 0; path = NYCSchoolsTests.xctest; sourceTree = BUILT_PRODUCTS_DIR; };
		C43617C628A31C2600A7784B /* NYCSchoolsTests.swift */ = {isa = PBXFileReference; lastKnownFileType = sourcecode.swift; path = NYCSchoolsTests.swift; sourceTree = "<group>"; };
		C43617CC28A31C2600A7784B /* NYCSchoolsUITests.xctest */ = {isa = PBXFileReference; explicitFileType = wrapper.cfbundle; includeInIndex = 0; path = NYCSchoolsUITests.xctest; sourceTree = BUILT_PRODUCTS_DIR; };
		C43617D028A31C2600A7784B /* NYCSchoolsUITests.swift */ = {isa = PBXFileReference; lastKnownFileType = sourcecode.swift; path = NYCSchoolsUITests.swift; sourceTree = "<group>"; };
		C43617D228A31C2600A7784B /* NYCSchoolsUITestsLaunchTests.swift */ = {isa = PBXFileReference; lastKnownFileType = sourcecode.swift; path = NYCSchoolsUITestsLaunchTests.swift; sourceTree = "<group>"; };
		C43617E128A31D6900A7784B /* School.swift */ = {isa = PBXFileReference; lastKnownFileType = sourcecode.swift; path = School.swift; sourceTree = "<group>"; };
		C43617E328A31D8100A7784B /* SATScore.swift */ = {isa = PBXFileReference; lastKnownFileType = sourcecode.swift; path = SATScore.swift; sourceTree = "<group>"; };
		C43617E528A31DAD00A7784B /* Constants.swift */ = {isa = PBXFileReference; lastKnownFileType = sourcecode.swift; path = Constants.swift; sourceTree = "<group>"; };
		C43617E728A31DC700A7784B /* ApiService.swift */ = {isa = PBXFileReference; lastKnownFileType = sourcecode.swift; path = ApiService.swift; sourceTree = "<group>"; };
		C43617E928A31F2000A7784B /* ServiceError.swift */ = {isa = PBXFileReference; lastKnownFileType = sourcecode.swift; path = ServiceError.swift; sourceTree = "<group>"; };
		C43617ED28A323A000A7784B /* UIView.swift */ = {isa = PBXFileReference; lastKnownFileType = sourcecode.swift; path = UIView.swift; sourceTree = "<group>"; };
		C43617EF28A323C100A7784B /* UITableViewCell.swift */ = {isa = PBXFileReference; lastKnownFileType = sourcecode.swift; path = UITableViewCell.swift; sourceTree = "<group>"; };
		C43617F128A3241E00A7784B /* BaseTableViewCell.swift */ = {isa = PBXFileReference; lastKnownFileType = sourcecode.swift; path = BaseTableViewCell.swift; sourceTree = "<group>"; };
		C43617F328A3245000A7784B /* SchoolTableViewCell.swift */ = {isa = PBXFileReference; lastKnownFileType = sourcecode.swift; path = SchoolTableViewCell.swift; sourceTree = "<group>"; };
		C43617F428A3245000A7784B /* SchoolTableViewCell.xib */ = {isa = PBXFileReference; lastKnownFileType = file.xib; path = SchoolTableViewCell.xib; sourceTree = "<group>"; };
		C43617FA28A33F8300A7784B /* SchoolDetailViewController.swift */ = {isa = PBXFileReference; lastKnownFileType = sourcecode.swift; path = SchoolDetailViewController.swift; sourceTree = "<group>"; };
/* End PBXFileReference section */

/* Begin PBXFrameworksBuildPhase section */
		C43617A928A31C2400A7784B /* Frameworks */ = {
			isa = PBXFrameworksBuildPhase;
			buildActionMask = 2147483647;
			files = (
			);
			runOnlyForDeploymentPostprocessing = 0;
		};
		C43617BF28A31C2600A7784B /* Frameworks */ = {
			isa = PBXFrameworksBuildPhase;
			buildActionMask = 2147483647;
			files = (
			);
			runOnlyForDeploymentPostprocessing = 0;
		};
		C43617C928A31C2600A7784B /* Frameworks */ = {
			isa = PBXFrameworksBuildPhase;
			buildActionMask = 2147483647;
			files = (
			);
			runOnlyForDeploymentPostprocessing = 0;
		};
/* End PBXFrameworksBuildPhase section */

/* Begin PBXGroup section */
		C43617A328A31C2400A7784B = {
			isa = PBXGroup;
			children = (
				C43617AE28A31C2400A7784B /* NYCSchools */,
				C43617C528A31C2600A7784B /* NYCSchoolsTests */,
				C43617CF28A31C2600A7784B /* NYCSchoolsUITests */,
				C43617AD28A31C2400A7784B /* Products */,
			);
			sourceTree = "<group>";
		};
		C43617AD28A31C2400A7784B /* Products */ = {
			isa = PBXGroup;
			children = (
				C43617AC28A31C2400A7784B /* NYCSchools.app */,
				C43617C228A31C2600A7784B /* NYCSchoolsTests.xctest */,
				C43617CC28A31C2600A7784B /* NYCSchoolsUITests.xctest */,
			);
			name = Products;
			sourceTree = "<group>";
		};
		C43617AE28A31C2400A7784B /* NYCSchools */ = {
			isa = PBXGroup;
			children = (
				C43617AF28A31C2400A7784B /* AppDelegate.swift */,
				C43617B128A31C2400A7784B /* SceneDelegate.swift */,
				C43617B328A31C2400A7784B /* SchoolsListController.swift */,
				C43617FA28A33F8300A7784B /* SchoolDetailViewController.swift */,
				C43617B528A31C2500A7784B /* Main.storyboard */,
				C43617B828A31C2600A7784B /* Assets.xcassets */,
				C43617BA28A31C2600A7784B /* LaunchScreen.storyboard */,
				C43617BD28A31C2600A7784B /* Info.plist */,
				C43617E028A31D5B00A7784B /* Model */,
				C43617EB28A3231C00A7784B /* Cells */,
				C43617DF28A31CD200A7784B /* Service */,
				C43617EC28A3238300A7784B /* Extensions */,
				C43617FC28A3404600A7784B /* Utils */,
			);
			path = NYCSchools;
			sourceTree = "<group>";
		};
		C43617C528A31C2600A7784B /* NYCSchoolsTests */ = {
			isa = PBXGroup;
			children = (
				C43617C628A31C2600A7784B /* NYCSchoolsTests.swift */,
				C41B07C028A377BB00E4E2ED /* ServiceTests.swift */,
			);
			path = NYCSchoolsTests;
			sourceTree = "<group>";
		};
		C43617CF28A31C2600A7784B /* NYCSchoolsUITests */ = {
			isa = PBXGroup;
			children = (
				C43617D028A31C2600A7784B /* NYCSchoolsUITests.swift */,
				C43617D228A31C2600A7784B /* NYCSchoolsUITestsLaunchTests.swift */,
			);
			path = NYCSchoolsUITests;
			sourceTree = "<group>";
		};
		C43617DF28A31CD200A7784B /* Service */ = {
			isa = PBXGroup;
			children = (
				C43617E728A31DC700A7784B /* ApiService.swift */,
				C43617E928A31F2000A7784B /* ServiceError.swift */,
			);
			path = Service;
			sourceTree = "<group>";
		};
		C43617E028A31D5B00A7784B /* Model */ = {
			isa = PBXGroup;
			children = (
				C43617E128A31D6900A7784B /* School.swift */,
				C43617E328A31D8100A7784B /* SATScore.swift */,
			);
			path = Model;
			sourceTree = "<group>";
		};
		C43617EB28A3231C00A7784B /* Cells */ = {
			isa = PBXGroup;
			children = (
				C43617F128A3241E00A7784B /* BaseTableViewCell.swift */,
				C43617F328A3245000A7784B /* SchoolTableViewCell.swift */,
				C43617F428A3245000A7784B /* SchoolTableViewCell.xib */,
				C40F3D7628A35C3500AC98D7 /* HeaderTableViewCell.swift */,
				C40F3D7728A35C3500AC98D7 /* HeaderTableViewCell.xib */,
				C40F3D7228A3562800AC98D7 /* SatTableViewCell.swift */,
				C40F3D7328A3562800AC98D7 /* SatTableViewCell.xib */,
				C40F3D7A28A3668000AC98D7 /* EligibilityTableViewCell.swift */,
				C40F3D7B28A3668000AC98D7 /* EligibilityTableViewCell.xib */,
				C40F3D7E28A368D100AC98D7 /* AddressTableViewCell.swift */,
				C40F3D7F28A368D100AC98D7 /* AddressTableViewCell.xib */,
			);
			path = Cells;
			sourceTree = "<group>";
		};
		C43617EC28A3238300A7784B /* Extensions */ = {
			isa = PBXGroup;
			children = (
				C43617ED28A323A000A7784B /* UIView.swift */,
				C43617EF28A323C100A7784B /* UITableViewCell.swift */,
				C41B07BE28A36E2800E4E2ED /* UIActivityIndicatorView.swift */,
			);
			path = Extensions;
			sourceTree = "<group>";
		};
		C43617FC28A3404600A7784B /* Utils */ = {
			isa = PBXGroup;
			children = (
				C43617E528A31DAD00A7784B /* Constants.swift */,
			);
			path = Utils;
			sourceTree = "<group>";
		};
/* End PBXGroup section */

/* Begin PBXNativeTarget section */
		C43617AB28A31C2400A7784B /* NYCSchools */ = {
			isa = PBXNativeTarget;
			buildConfigurationList = C43617D628A31C2600A7784B /* Build configuration list for PBXNativeTarget "NYCSchools" */;
			buildPhases = (
				C43617A828A31C2400A7784B /* Sources */,
				C43617A928A31C2400A7784B /* Frameworks */,
				C43617AA28A31C2400A7784B /* Resources */,
			);
			buildRules = (
			);
			dependencies = (
			);
			name = NYCSchools;
			productName = NYCSchools;
			productReference = C43617AC28A31C2400A7784B /* NYCSchools.app */;
			productType = "com.apple.product-type.application";
		};
		C43617C128A31C2600A7784B /* NYCSchoolsTests */ = {
			isa = PBXNativeTarget;
			buildConfigurationList = C43617D928A31C2600A7784B /* Build configuration list for PBXNativeTarget "NYCSchoolsTests" */;
			buildPhases = (
				C43617BE28A31C2600A7784B /* Sources */,
				C43617BF28A31C2600A7784B /* Frameworks */,
				C43617C028A31C2600A7784B /* Resources */,
			);
			buildRules = (
			);
			dependencies = (
				C43617C428A31C2600A7784B /* PBXTargetDependency */,
			);
			name = NYCSchoolsTests;
			productName = NYCSchoolsTests;
			productReference = C43617C228A31C2600A7784B /* NYCSchoolsTests.xctest */;
			productType = "com.apple.product-type.bundle.unit-test";
		};
		C43617CB28A31C2600A7784B /* NYCSchoolsUITests */ = {
			isa = PBXNativeTarget;
			buildConfigurationList = C43617DC28A31C2600A7784B /* Build configuration list for PBXNativeTarget "NYCSchoolsUITests" */;
			buildPhases = (
				C43617C828A31C2600A7784B /* Sources */,
				C43617C928A31C2600A7784B /* Frameworks */,
				C43617CA28A31C2600A7784B /* Resources */,
			);
			buildRules = (
			);
			dependencies = (
				C43617CE28A31C2600A7784B /* PBXTargetDependency */,
			);
			name = NYCSchoolsUITests;
			productName = NYCSchoolsUITests;
			productReference = C43617CC28A31C2600A7784B /* NYCSchoolsUITests.xctest */;
			productType = "com.apple.product-type.bundle.ui-testing";
		};
/* End PBXNativeTarget section */

/* Begin PBXProject section */
		C43617A428A31C2400A7784B /* Project object */ = {
			isa = PBXProject;
			attributes = {
				BuildIndependentTargetsInParallel = 1;
				LastSwiftUpdateCheck = 1340;
				LastUpgradeCheck = 1340;
				TargetAttributes = {
					C43617AB28A31C2400A7784B = {
						CreatedOnToolsVersion = 13.4.1;
					};
					C43617C128A31C2600A7784B = {
						CreatedOnToolsVersion = 13.4.1;
						TestTargetID = C43617AB28A31C2400A7784B;
					};
					C43617CB28A31C2600A7784B = {
						CreatedOnToolsVersion = 13.4.1;
						TestTargetID = C43617AB28A31C2400A7784B;
					};
				};
			};
			buildConfigurationList = C43617A728A31C2400A7784B /* Build configuration list for PBXProject "NYCSchools" */;
			compatibilityVersion = "Xcode 13.0";
			developmentRegion = en;
			hasScannedForEncodings = 0;
			knownRegions = (
				en,
				Base,
			);
			mainGroup = C43617A328A31C2400A7784B;
			productRefGroup = C43617AD28A31C2400A7784B /* Products */;
			projectDirPath = "";
			projectRoot = "";
			targets = (
				C43617AB28A31C2400A7784B /* NYCSchools */,
				C43617C128A31C2600A7784B /* NYCSchoolsTests */,
				C43617CB28A31C2600A7784B /* NYCSchoolsUITests */,
			);
		};
/* End PBXProject section */

/* Begin PBXResourcesBuildPhase section */
		C43617AA28A31C2400A7784B /* Resources */ = {
			isa = PBXResourcesBuildPhase;
			buildActionMask = 2147483647;
			files = (
				C43617BC28A31C2600A7784B /* LaunchScreen.storyboard in Resources */,
				C40F3D7928A35C3500AC98D7 /* HeaderTableViewCell.xib in Resources */,
				C40F3D8128A368D100AC98D7 /* AddressTableViewCell.xib in Resources */,
				C40F3D7528A3562800AC98D7 /* SatTableViewCell.xib in Resources */,
				C43617B928A31C2600A7784B /* Assets.xcassets in Resources */,
				C43617B728A31C2500A7784B /* Main.storyboard in Resources */,
				C43617F628A3245000A7784B /* SchoolTableViewCell.xib in Resources */,
				C40F3D7D28A3668000AC98D7 /* EligibilityTableViewCell.xib in Resources */,
			);
			runOnlyForDeploymentPostprocessing = 0;
		};
		C43617C028A31C2600A7784B /* Resources */ = {
			isa = PBXResourcesBuildPhase;
			buildActionMask = 2147483647;
			files = (
			);
			runOnlyForDeploymentPostprocessing = 0;
		};
		C43617CA28A31C2600A7784B /* Resources */ = {
			isa = PBXResourcesBuildPhase;
			buildActionMask = 2147483647;
			files = (
			);
			runOnlyForDeploymentPostprocessing = 0;
		};
/* End PBXResourcesBuildPhase section */

/* Begin PBXSourcesBuildPhase section */
		C43617A828A31C2400A7784B /* Sources */ = {
			isa = PBXSourcesBuildPhase;
			buildActionMask = 2147483647;
			files = (
				C43617B428A31C2400A7784B /* SchoolsListController.swift in Sources */,
				C41B07BF28A36E2800E4E2ED /* UIActivityIndicatorView.swift in Sources */,
				C43617FB28A33F8300A7784B /* SchoolDetailViewController.swift in Sources */,
				C43617B028A31C2400A7784B /* AppDelegate.swift in Sources */,
				C40F3D7C28A3668000AC98D7 /* EligibilityTableViewCell.swift in Sources */,
				C43617B228A31C2400A7784B /* SceneDelegate.swift in Sources */,
				C43617E428A31D8100A7784B /* SATScore.swift in Sources */,
				C40F3D7828A35C3500AC98D7 /* HeaderTableViewCell.swift in Sources */,
				C43617E228A31D6900A7784B /* School.swift in Sources */,
				C43617F228A3241E00A7784B /* BaseTableViewCell.swift in Sources */,
				C43617F028A323C100A7784B /* UITableViewCell.swift in Sources */,
				C43617F528A3245000A7784B /* SchoolTableViewCell.swift in Sources */,
				C43617EA28A31F2000A7784B /* ServiceError.swift in Sources */,
				C40F3D7428A3562800AC98D7 /* SatTableViewCell.swift in Sources */,
				C43617E628A31DAD00A7784B /* Constants.swift in Sources */,
				C43617EE28A323A000A7784B /* UIView.swift in Sources */,
				C40F3D8028A368D100AC98D7 /* AddressTableViewCell.swift in Sources */,
				C43617E828A31DC700A7784B /* ApiService.swift in Sources */,
			);
			runOnlyForDeploymentPostprocessing = 0;
		};
		C43617BE28A31C2600A7784B /* Sources */ = {
			isa = PBXSourcesBuildPhase;
			buildActionMask = 2147483647;
			files = (
				C41B07C428A378EC00E4E2ED /* Constants.swift in Sources */,
				C41B07C528A3790100E4E2ED /* School.swift in Sources */,
				C41B07C328A377D000E4E2ED /* ServiceError.swift in Sources */,
				C41B07C628A3790400E4E2ED /* SATScore.swift in Sources */,
				C43617C728A31C2600A7784B /* NYCSchoolsTests.swift in Sources */,
				C41B07C128A377BB00E4E2ED /* ServiceTests.swift in Sources */,
				C41B07C228A377CD00E4E2ED /* ApiService.swift in Sources */,
			);
			runOnlyForDeploymentPostprocessing = 0;
		};
		C43617C828A31C2600A7784B /* Sources */ = {
			isa = PBXSourcesBuildPhase;
			buildActionMask = 2147483647;
			files = (
				C43617D128A31C2600A7784B /* NYCSchoolsUITests.swift in Sources */,
				C43617D328A31C2600A7784B /* NYCSchoolsUITestsLaunchTests.swift in Sources */,
			);
			runOnlyForDeploymentPostprocessing = 0;
		};
/* End PBXSourcesBuildPhase section */

/* Begin PBXTargetDependency section */
		C43617C428A31C2600A7784B /* PBXTargetDependency */ = {
			isa = PBXTargetDependency;
			target = C43617AB28A31C2400A7784B /* NYCSchools */;
			targetProxy = C43617C328A31C2600A7784B /* PBXContainerItemProxy */;
		};
		C43617CE28A31C2600A7784B /* PBXTargetDependency */ = {
			isa = PBXTargetDependency;
			target = C43617AB28A31C2400A7784B /* NYCSchools */;
			targetProxy = C43617CD28A31C2600A7784B /* PBXContainerItemProxy */;
		};
/* End PBXTargetDependency section */

/* Begin PBXVariantGroup section */
		C43617B528A31C2500A7784B /* Main.storyboard */ = {
			isa = PBXVariantGroup;
			children = (
				C43617B628A31C2500A7784B /* Base */,
			);
			name = Main.storyboard;
			sourceTree = "<group>";
		};
		C43617BA28A31C2600A7784B /* LaunchScreen.storyboard */ = {
			isa = PBXVariantGroup;
			children = (
				C43617BB28A31C2600A7784B /* Base */,
			);
			name = LaunchScreen.storyboard;
			sourceTree = "<group>";
		};
/* End PBXVariantGroup section */

/* Begin XCBuildConfiguration section */
		C43617D428A31C2600A7784B /* Debug */ = {
			isa = XCBuildConfiguration;
			buildSettings = {
				ALWAYS_SEARCH_USER_PATHS = NO;
				CLANG_ANALYZER_NONNULL = YES;
				CLANG_ANALYZER_NUMBER_OBJECT_CONVERSION = YES_AGGRESSIVE;
				CLANG_CXX_LANGUAGE_STANDARD = "gnu++17";
				CLANG_ENABLE_MODULES = YES;
				CLANG_ENABLE_OBJC_ARC = YES;
				CLANG_ENABLE_OBJC_WEAK = YES;
				CLANG_WARN_BLOCK_CAPTURE_AUTORELEASING = YES;
				CLANG_WARN_BOOL_CONVERSION = YES;
				CLANG_WARN_COMMA = YES;
				CLANG_WARN_CONSTANT_CONVERSION = YES;
				CLANG_WARN_DEPRECATED_OBJC_IMPLEMENTATIONS = YES;
				CLANG_WARN_DIRECT_OBJC_ISA_USAGE = YES_ERROR;
				CLANG_WARN_DOCUMENTATION_COMMENTS = YES;
				CLANG_WARN_EMPTY_BODY = YES;
				CLANG_WARN_ENUM_CONVERSION = YES;
				CLANG_WARN_INFINITE_RECURSION = YES;
				CLANG_WARN_INT_CONVERSION = YES;
				CLANG_WARN_NON_LITERAL_NULL_CONVERSION = YES;
				CLANG_WARN_OBJC_IMPLICIT_RETAIN_SELF = YES;
				CLANG_WARN_OBJC_LITERAL_CONVERSION = YES;
				CLANG_WARN_OBJC_ROOT_CLASS = YES_ERROR;
				CLANG_WARN_QUOTED_INCLUDE_IN_FRAMEWORK_HEADER = YES;
				CLANG_WARN_RANGE_LOOP_ANALYSIS = YES;
				CLANG_WARN_STRICT_PROTOTYPES = YES;
				CLANG_WARN_SUSPICIOUS_MOVE = YES;
				CLANG_WARN_UNGUARDED_AVAILABILITY = YES_AGGRESSIVE;
				CLANG_WARN_UNREACHABLE_CODE = YES;
				CLANG_WARN__DUPLICATE_METHOD_MATCH = YES;
				COPY_PHASE_STRIP = NO;
				DEBUG_INFORMATION_FORMAT = dwarf;
				ENABLE_STRICT_OBJC_MSGSEND = YES;
				ENABLE_TESTABILITY = YES;
				GCC_C_LANGUAGE_STANDARD = gnu11;
				GCC_DYNAMIC_NO_PIC = NO;
				GCC_NO_COMMON_BLOCKS = YES;
				GCC_OPTIMIZATION_LEVEL = 0;
				GCC_PREPROCESSOR_DEFINITIONS = (
					"DEBUG=1",
					"$(inherited)",
				);
				GCC_WARN_64_TO_32_BIT_CONVERSION = YES;
				GCC_WARN_ABOUT_RETURN_TYPE = YES_ERROR;
				GCC_WARN_UNDECLARED_SELECTOR = YES;
				GCC_WARN_UNINITIALIZED_AUTOS = YES_AGGRESSIVE;
				GCC_WARN_UNUSED_FUNCTION = YES;
				GCC_WARN_UNUSED_VARIABLE = YES;
				IPHONEOS_DEPLOYMENT_TARGET = 15.5;
				MTL_ENABLE_DEBUG_INFO = INCLUDE_SOURCE;
				MTL_FAST_MATH = YES;
				ONLY_ACTIVE_ARCH = YES;
				SDKROOT = iphoneos;
				SWIFT_ACTIVE_COMPILATION_CONDITIONS = DEBUG;
				SWIFT_OPTIMIZATION_LEVEL = "-Onone";
			};
			name = Debug;
		};
		C43617D528A31C2600A7784B /* Release */ = {
			isa = XCBuildConfiguration;
			buildSettings = {
				ALWAYS_SEARCH_USER_PATHS = NO;
				CLANG_ANALYZER_NONNULL = YES;
				CLANG_ANALYZER_NUMBER_OBJECT_CONVERSION = YES_AGGRESSIVE;
				CLANG_CXX_LANGUAGE_STANDARD = "gnu++17";
				CLANG_ENABLE_MODULES = YES;
				CLANG_ENABLE_OBJC_ARC = YES;
				CLANG_ENABLE_OBJC_WEAK = YES;
				CLANG_WARN_BLOCK_CAPTURE_AUTORELEASING = YES;
				CLANG_WARN_BOOL_CONVERSION = YES;
				CLANG_WARN_COMMA = YES;
				CLANG_WARN_CONSTANT_CONVERSION = YES;
				CLANG_WARN_DEPRECATED_OBJC_IMPLEMENTATIONS = YES;
				CLANG_WARN_DIRECT_OBJC_ISA_USAGE = YES_ERROR;
				CLANG_WARN_DOCUMENTATION_COMMENTS = YES;
				CLANG_WARN_EMPTY_BODY = YES;
				CLANG_WARN_ENUM_CONVERSION = YES;
				CLANG_WARN_INFINITE_RECURSION = YES;
				CLANG_WARN_INT_CONVERSION = YES;
				CLANG_WARN_NON_LITERAL_NULL_CONVERSION = YES;
				CLANG_WARN_OBJC_IMPLICIT_RETAIN_SELF = YES;
				CLANG_WARN_OBJC_LITERAL_CONVERSION = YES;
				CLANG_WARN_OBJC_ROOT_CLASS = YES_ERROR;
				CLANG_WARN_QUOTED_INCLUDE_IN_FRAMEWORK_HEADER = YES;
				CLANG_WARN_RANGE_LOOP_ANALYSIS = YES;
				CLANG_WARN_STRICT_PROTOTYPES = YES;
				CLANG_WARN_SUSPICIOUS_MOVE = YES;
				CLANG_WARN_UNGUARDED_AVAILABILITY = YES_AGGRESSIVE;
				CLANG_WARN_UNREACHABLE_CODE = YES;
				CLANG_WARN__DUPLICATE_METHOD_MATCH = YES;
				COPY_PHASE_STRIP = NO;
				DEBUG_INFORMATION_FORMAT = "dwarf-with-dsym";
				ENABLE_NS_ASSERTIONS = NO;
				ENABLE_STRICT_OBJC_MSGSEND = YES;
				GCC_C_LANGUAGE_STANDARD = gnu11;
				GCC_NO_COMMON_BLOCKS = YES;
				GCC_WARN_64_TO_32_BIT_CONVERSION = YES;
				GCC_WARN_ABOUT_RETURN_TYPE = YES_ERROR;
				GCC_WARN_UNDECLARED_SELECTOR = YES;
				GCC_WARN_UNINITIALIZED_AUTOS = YES_AGGRESSIVE;
				GCC_WARN_UNUSED_FUNCTION = YES;
				GCC_WARN_UNUSED_VARIABLE = YES;
				IPHONEOS_DEPLOYMENT_TARGET = 15.5;
				MTL_ENABLE_DEBUG_INFO = NO;
				MTL_FAST_MATH = YES;
				SDKROOT = iphoneos;
				SWIFT_COMPILATION_MODE = wholemodule;
				SWIFT_OPTIMIZATION_LEVEL = "-O";
				VALIDATE_PRODUCT = YES;
			};
			name = Release;
		};
		C43617D728A31C2600A7784B /* Debug */ = {
			isa = XCBuildConfiguration;
			buildSettings = {
				ASSETCATALOG_COMPILER_APPICON_NAME = AppIcon;
				ASSETCATALOG_COMPILER_GLOBAL_ACCENT_COLOR_NAME = AccentColor;
				CODE_SIGN_STYLE = Automatic;
				CURRENT_PROJECT_VERSION = 1;
				GENERATE_INFOPLIST_FILE = YES;
				INFOPLIST_FILE = NYCSchools/Info.plist;
				INFOPLIST_KEY_UIApplicationSupportsIndirectInputEvents = YES;
				INFOPLIST_KEY_UILaunchStoryboardName = LaunchScreen;
				INFOPLIST_KEY_UIMainStoryboardFile = Main;
				INFOPLIST_KEY_UISupportedInterfaceOrientations_iPad = "UIInterfaceOrientationPortrait UIInterfaceOrientationPortraitUpsideDown UIInterfaceOrientationLandscapeLeft UIInterfaceOrientationLandscapeRight";
				INFOPLIST_KEY_UISupportedInterfaceOrientations_iPhone = "UIInterfaceOrientationPortrait UIInterfaceOrientationLandscapeLeft UIInterfaceOrientationLandscapeRight";
				LD_RUNPATH_SEARCH_PATHS = (
					"$(inherited)",
					"@executable_path/Frameworks",
				);
				MARKETING_VERSION = 1.0;
				PRODUCT_BUNDLE_IDENTIFIER = com.dreamer.NYCSchools;
				PRODUCT_NAME = "$(TARGET_NAME)";
				SWIFT_EMIT_LOC_STRINGS = YES;
				SWIFT_VERSION = 5.0;
				TARGETED_DEVICE_FAMILY = "1,2";
			};
			name = Debug;
		};
		C43617D828A31C2600A7784B /* Release */ = {
			isa = XCBuildConfiguration;
			buildSettings = {
				ASSETCATALOG_COMPILER_APPICON_NAME = AppIcon;
				ASSETCATALOG_COMPILER_GLOBAL_ACCENT_COLOR_NAME = AccentColor;
				CODE_SIGN_STYLE = Automatic;
				CURRENT_PROJECT_VERSION = 1;
				GENERATE_INFOPLIST_FILE = YES;
				INFOPLIST_FILE = NYCSchools/Info.plist;
				INFOPLIST_KEY_UIApplicationSupportsIndirectInputEvents = YES;
				INFOPLIST_KEY_UILaunchStoryboardName = LaunchScreen;
				INFOPLIST_KEY_UIMainStoryboardFile = Main;
				INFOPLIST_KEY_UISupportedInterfaceOrientations_iPad = "UIInterfaceOrientationPortrait UIInterfaceOrientationPortraitUpsideDown UIInterfaceOrientationLandscapeLeft UIInterfaceOrientationLandscapeRight";
				INFOPLIST_KEY_UISupportedInterfaceOrientations_iPhone = "UIInterfaceOrientationPortrait UIInterfaceOrientationLandscapeLeft UIInterfaceOrientationLandscapeRight";
				LD_RUNPATH_SEARCH_PATHS = (
					"$(inherited)",
					"@executable_path/Frameworks",
				);
				MARKETING_VERSION = 1.0;
				PRODUCT_BUNDLE_IDENTIFIER = com.dreamer.NYCSchools;
				PRODUCT_NAME = "$(TARGET_NAME)";
				SWIFT_EMIT_LOC_STRINGS = YES;
				SWIFT_VERSION = 5.0;
				TARGETED_DEVICE_FAMILY = "1,2";
			};
			name = Release;
		};
		C43617DA28A31C2600A7784B /* Debug */ = {
			isa = XCBuildConfiguration;
			buildSettings = {
				ALWAYS_EMBED_SWIFT_STANDARD_LIBRARIES = YES;
				BUNDLE_LOADER = "$(TEST_HOST)";
				CODE_SIGN_STYLE = Automatic;
				CURRENT_PROJECT_VERSION = 1;
				GENERATE_INFOPLIST_FILE = YES;
				IPHONEOS_DEPLOYMENT_TARGET = 15.5;
				MARKETING_VERSION = 1.0;
				PRODUCT_BUNDLE_IDENTIFIER = com.dreamer.NYCSchoolsTests;
				PRODUCT_NAME = "$(TARGET_NAME)";
				SWIFT_EMIT_LOC_STRINGS = NO;
				SWIFT_VERSION = 5.0;
				TARGETED_DEVICE_FAMILY = "1,2";
				TEST_HOST = "$(BUILT_PRODUCTS_DIR)/NYCSchools.app/NYCSchools";
			};
			name = Debug;
		};
		C43617DB28A31C2600A7784B /* Release */ = {
			isa = XCBuildConfiguration;
			buildSettings = {
				ALWAYS_EMBED_SWIFT_STANDARD_LIBRARIES = YES;
				BUNDLE_LOADER = "$(TEST_HOST)";
				CODE_SIGN_STYLE = Automatic;
				CURRENT_PROJECT_VERSION = 1;
				GENERATE_INFOPLIST_FILE = YES;
				IPHONEOS_DEPLOYMENT_TARGET = 15.5;
				MARKETING_VERSION = 1.0;
				PRODUCT_BUNDLE_IDENTIFIER = com.dreamer.NYCSchoolsTests;
				PRODUCT_NAME = "$(TARGET_NAME)";
				SWIFT_EMIT_LOC_STRINGS = NO;
				SWIFT_VERSION = 5.0;
				TARGETED_DEVICE_FAMILY = "1,2";
				TEST_HOST = "$(BUILT_PRODUCTS_DIR)/NYCSchools.app/NYCSchools";
			};
			name = Release;
		};
		C43617DD28A31C2600A7784B /* Debug */ = {
			isa = XCBuildConfiguration;
			buildSettings = {
				ALWAYS_EMBED_SWIFT_STANDARD_LIBRARIES = YES;
				CODE_SIGN_STYLE = Automatic;
				CURRENT_PROJECT_VERSION = 1;
				GENERATE_INFOPLIST_FILE = YES;
				MARKETING_VERSION = 1.0;
				PRODUCT_BUNDLE_IDENTIFIER = com.dreamer.NYCSchoolsUITests;
				PRODUCT_NAME = "$(TARGET_NAME)";
				SWIFT_EMIT_LOC_STRINGS = NO;
				SWIFT_VERSION = 5.0;
				TARGETED_DEVICE_FAMILY = "1,2";
				TEST_TARGET_NAME = NYCSchools;
			};
			name = Debug;
		};
		C43617DE28A31C2600A7784B /* Release */ = {
			isa = XCBuildConfiguration;
			buildSettings = {
				ALWAYS_EMBED_SWIFT_STANDARD_LIBRARIES = YES;
				CODE_SIGN_STYLE = Automatic;
				CURRENT_PROJECT_VERSION = 1;
				GENERATE_INFOPLIST_FILE = YES;
				MARKETING_VERSION = 1.0;
				PRODUCT_BUNDLE_IDENTIFIER = com.dreamer.NYCSchoolsUITests;
				PRODUCT_NAME = "$(TARGET_NAME)";
				SWIFT_EMIT_LOC_STRINGS = NO;
				SWIFT_VERSION = 5.0;
				TARGETED_DEVICE_FAMILY = "1,2";
				TEST_TARGET_NAME = NYCSchools;
			};
			name = Release;
		};
/* End XCBuildConfiguration section */

/* Begin XCConfigurationList section */
		C43617A728A31C2400A7784B /* Build configuration list for PBXProject "NYCSchools" */ = {
			isa = XCConfigurationList;
			buildConfigurations = (
				C43617D428A31C2600A7784B /* Debug */,
				C43617D528A31C2600A7784B /* Release */,
			);
			defaultConfigurationIsVisible = 0;
			defaultConfigurationName = Release;
		};
		C43617D628A31C2600A7784B /* Build configuration list for PBXNativeTarget "NYCSchools" */ = {
			isa = XCConfigurationList;
			buildConfigurations = (
				C43617D728A31C2600A7784B /* Debug */,
				C43617D828A31C2600A7784B /* Release */,
			);
			defaultConfigurationIsVisible = 0;
			defaultConfigurationName = Release;
		};
		C43617D928A31C2600A7784B /* Build configuration list for PBXNativeTarget "NYCSchoolsTests" */ = {
			isa = XCConfigurationList;
			buildConfigurations = (
				C43617DA28A31C2600A7784B /* Debug */,
				C43617DB28A31C2600A7784B /* Release */,
			);
			defaultConfigurationIsVisible = 0;
			defaultConfigurationName = Release;
		};
		C43617DC28A31C2600A7784B /* Build configuration list for PBXNativeTarget "NYCSchoolsUITests" */ = {
			isa = XCConfigurationList;
			buildConfigurations = (
				C43617DD28A31C2600A7784B /* Debug */,
				C43617DE28A31C2600A7784B /* Release */,
			);
			defaultConfigurationIsVisible = 0;
			defaultConfigurationName = Release;
		};
/* End XCConfigurationList section */
	};
	rootObject = C43617A428A31C2400A7784B /* Project object */;
}
